// !$*UTF8*$!
{
	archiveVersion = 1;
	classes = {
	};
	objectVersion = 56;
	objects = {

/* Begin PBXBuildFile section */
		7BB0305A2C47951F00399D83 /* HealthKitToyProjectApp.swift in Sources */ = {isa = PBXBuildFile; fileRef = 7BB030592C47951F00399D83 /* HealthKitToyProjectApp.swift */; };
		7BB0305C2C47951F00399D83 /* ContentView.swift in Sources */ = {isa = PBXBuildFile; fileRef = 7BB0305B2C47951F00399D83 /* ContentView.swift */; };
		7BB0305E2C47952000399D83 /* Assets.xcassets in Resources */ = {isa = PBXBuildFile; fileRef = 7BB0305D2C47952000399D83 /* Assets.xcassets */; };
		7BB030612C47952000399D83 /* Preview Assets.xcassets in Resources */ = {isa = PBXBuildFile; fileRef = 7BB030602C47952000399D83 /* Preview Assets.xcassets */; };
		7BB030682C4797BE00399D83 /* Memo.txt in Resources */ = {isa = PBXBuildFile; fileRef = 7BB030672C4797BD00399D83 /* Memo.txt */; };
		7BB0306C2C479ADC00399D83 /* CardView.swift in Sources */ = {isa = PBXBuildFile; fileRef = 7BB0306B2C479ADC00399D83 /* CardView.swift */; };
		7BB0306E2C479D3100399D83 /* HealthManager.swift in Sources */ = {isa = PBXBuildFile; fileRef = 7BB0306D2C479D3100399D83 /* HealthManager.swift */; };
		7BB030712C47A4BB00399D83 /* 트러블 in Resources */ = {isa = PBXBuildFile; fileRef = 7BB030702C47A4BB00399D83 /* 트러블 */; };
		7BB030752C47A83A00399D83 /* HealthInfo.swift in Sources */ = {isa = PBXBuildFile; fileRef = 7BB030742C47A83A00399D83 /* HealthInfo.swift */; };
		7BB030772C47A92B00399D83 /* ExDate.swift in Sources */ = {isa = PBXBuildFile; fileRef = 7BB030762C47A92B00399D83 /* ExDate.swift */; };
		7BB030792C47AC6F00399D83 /* NumberFormatManager.swift in Sources */ = {isa = PBXBuildFile; fileRef = 7BB030782C47AC6E00399D83 /* NumberFormatManager.swift */; };
		7BB0307B2C47AD1600399D83 /* ExDouble.swift in Sources */ = {isa = PBXBuildFile; fileRef = 7BB0307A2C47AD1600399D83 /* ExDouble.swift */; };
/* End PBXBuildFile section */

/* Begin PBXFileReference section */
		7BB030562C47951F00399D83 /* HealthKitToyProject.app */ = {isa = PBXFileReference; explicitFileType = wrapper.application; includeInIndex = 0; path = HealthKitToyProject.app; sourceTree = BUILT_PRODUCTS_DIR; };
		7BB030592C47951F00399D83 /* HealthKitToyProjectApp.swift */ = {isa = PBXFileReference; lastKnownFileType = sourcecode.swift; path = HealthKitToyProjectApp.swift; sourceTree = "<group>"; };
		7BB0305B2C47951F00399D83 /* ContentView.swift */ = {isa = PBXFileReference; lastKnownFileType = sourcecode.swift; path = ContentView.swift; sourceTree = "<group>"; };
		7BB0305D2C47952000399D83 /* Assets.xcassets */ = {isa = PBXFileReference; lastKnownFileType = folder.assetcatalog; path = Assets.xcassets; sourceTree = "<group>"; };
		7BB030602C47952000399D83 /* Preview Assets.xcassets */ = {isa = PBXFileReference; lastKnownFileType = folder.assetcatalog; path = "Preview Assets.xcassets"; sourceTree = "<group>"; };
		7BB030672C4797BD00399D83 /* Memo.txt */ = {isa = PBXFileReference; lastKnownFileType = text; path = Memo.txt; sourceTree = "<group>"; };
		7BB0306B2C479ADC00399D83 /* CardView.swift */ = {isa = PBXFileReference; lastKnownFileType = sourcecode.swift; path = CardView.swift; sourceTree = "<group>"; };
		7BB0306D2C479D3100399D83 /* HealthManager.swift */ = {isa = PBXFileReference; lastKnownFileType = sourcecode.swift; path = HealthManager.swift; sourceTree = "<group>"; };
		7BB0306F2C47A0F000399D83 /* HealthKitToyProject.entitlements */ = {isa = PBXFileReference; lastKnownFileType = text.plist.entitlements; path = HealthKitToyProject.entitlements; sourceTree = "<group>"; };
		7BB030702C47A4BB00399D83 /* 트러블 */ = {isa = PBXFileReference; lastKnownFileType = text; path = "트러블"; sourceTree = "<group>"; };
		7BB030742C47A83A00399D83 /* HealthInfo.swift */ = {isa = PBXFileReference; lastKnownFileType = sourcecode.swift; path = HealthInfo.swift; sourceTree = "<group>"; };
		7BB030762C47A92B00399D83 /* ExDate.swift */ = {isa = PBXFileReference; lastKnownFileType = sourcecode.swift; path = ExDate.swift; sourceTree = "<group>"; };
		7BB030782C47AC6E00399D83 /* NumberFormatManager.swift */ = {isa = PBXFileReference; lastKnownFileType = sourcecode.swift; path = NumberFormatManager.swift; sourceTree = "<group>"; };
		7BB0307A2C47AD1600399D83 /* ExDouble.swift */ = {isa = PBXFileReference; lastKnownFileType = sourcecode.swift; path = ExDouble.swift; sourceTree = "<group>"; };
/* End PBXFileReference section */

/* Begin PBXFrameworksBuildPhase section */
		7BB030532C47951F00399D83 /* Frameworks */ = {
			isa = PBXFrameworksBuildPhase;
			buildActionMask = 2147483647;
			files = (
			);
			runOnlyForDeploymentPostprocessing = 0;
		};
/* End PBXFrameworksBuildPhase section */

/* Begin PBXGroup section */
		7BB0304D2C47951F00399D83 = {
			isa = PBXGroup;
			children = (
				7BB030702C47A4BB00399D83 /* 트러블 */,
				7BB030672C4797BD00399D83 /* Memo.txt */,
				7BB030582C47951F00399D83 /* HealthKitToyProject */,
				7BB030572C47951F00399D83 /* Products */,
			);
			sourceTree = "<group>";
		};
		7BB030572C47951F00399D83 /* Products */ = {
			isa = PBXGroup;
			children = (
				7BB030562C47951F00399D83 /* HealthKitToyProject.app */,
			);
			name = Products;
			sourceTree = "<group>";
		};
		7BB030582C47951F00399D83 /* HealthKitToyProject */ = {
			isa = PBXGroup;
			children = (
				7BB0306F2C47A0F000399D83 /* HealthKitToyProject.entitlements */,
				7BB030742C47A83A00399D83 /* HealthInfo.swift */,
				7BB0306D2C479D3100399D83 /* HealthManager.swift */,
				7BB030592C47951F00399D83 /* HealthKitToyProjectApp.swift */,
				7BB0306B2C479ADC00399D83 /* CardView.swift */,
				7BB0305B2C47951F00399D83 /* ContentView.swift */,
				7BB0305D2C47952000399D83 /* Assets.xcassets */,
				7BB0305F2C47952000399D83 /* Preview Content */,
				7BB030762C47A92B00399D83 /* ExDate.swift */,
				7BB030782C47AC6E00399D83 /* NumberFormatManager.swift */,
				7BB0307A2C47AD1600399D83 /* ExDouble.swift */,
			);
			path = HealthKitToyProject;
			sourceTree = "<group>";
		};
		7BB0305F2C47952000399D83 /* Preview Content */ = {
			isa = PBXGroup;
			children = (
				7BB030602C47952000399D83 /* Preview Assets.xcassets */,
			);
			path = "Preview Content";
			sourceTree = "<group>";
		};
/* End PBXGroup section */

/* Begin PBXNativeTarget section */
		7BB030552C47951F00399D83 /* HealthKitToyProject */ = {
			isa = PBXNativeTarget;
			buildConfigurationList = 7BB030642C47952000399D83 /* Build configuration list for PBXNativeTarget "HealthKitToyProject" */;
			buildPhases = (
				7BB030522C47951F00399D83 /* Sources */,
				7BB030532C47951F00399D83 /* Frameworks */,
				7BB030542C47951F00399D83 /* Resources */,
			);
			buildRules = (
			);
			dependencies = (
			);
			name = HealthKitToyProject;
			productName = HealthKitToyProject;
			productReference = 7BB030562C47951F00399D83 /* HealthKitToyProject.app */;
			productType = "com.apple.product-type.application";
		};
/* End PBXNativeTarget section */

/* Begin PBXProject section */
		7BB0304E2C47951F00399D83 /* Project object */ = {
			isa = PBXProject;
			attributes = {
				BuildIndependentTargetsInParallel = 1;
				LastSwiftUpdateCheck = 1540;
				LastUpgradeCheck = 1540;
				TargetAttributes = {
					7BB030552C47951F00399D83 = {
						CreatedOnToolsVersion = 15.4;
					};
				};
			};
			buildConfigurationList = 7BB030512C47951F00399D83 /* Build configuration list for PBXProject "HealthKitToyProject" */;
			compatibilityVersion = "Xcode 14.0";
			developmentRegion = en;
			hasScannedForEncodings = 0;
			knownRegions = (
				en,
				Base,
			);
			mainGroup = 7BB0304D2C47951F00399D83;
			productRefGroup = 7BB030572C47951F00399D83 /* Products */;
			projectDirPath = "";
			projectRoot = "";
			targets = (
				7BB030552C47951F00399D83 /* HealthKitToyProject */,
			);
		};
/* End PBXProject section */

/* Begin PBXResourcesBuildPhase section */
		7BB030542C47951F00399D83 /* Resources */ = {
			isa = PBXResourcesBuildPhase;
			buildActionMask = 2147483647;
			files = (
				7BB030612C47952000399D83 /* Preview Assets.xcassets in Resources */,
				7BB030712C47A4BB00399D83 /* 트러블 in Resources */,
				7BB0305E2C47952000399D83 /* Assets.xcassets in Resources */,
				7BB030682C4797BE00399D83 /* Memo.txt in Resources */,
			);
			runOnlyForDeploymentPostprocessing = 0;
		};
/* End PBXResourcesBuildPhase section */

/* Begin PBXSourcesBuildPhase section */
		7BB030522C47951F00399D83 /* Sources */ = {
			isa = PBXSourcesBuildPhase;
			buildActionMask = 2147483647;
			files = (
				7BB030772C47A92B00399D83 /* ExDate.swift in Sources */,
				7BB0307B2C47AD1600399D83 /* ExDouble.swift in Sources */,
				7BB030752C47A83A00399D83 /* HealthInfo.swift in Sources */,
				7BB0305C2C47951F00399D83 /* ContentView.swift in Sources */,
				7BB0306C2C479ADC00399D83 /* CardView.swift in Sources */,
				7BB030792C47AC6F00399D83 /* NumberFormatManager.swift in Sources */,
				7BB0305A2C47951F00399D83 /* HealthKitToyProjectApp.swift in Sources */,
				7BB0306E2C479D3100399D83 /* HealthManager.swift in Sources */,
			);
			runOnlyForDeploymentPostprocessing = 0;
		};
/* End PBXSourcesBuildPhase section */

/* Begin XCBuildConfiguration section */
		7BB030622C47952000399D83 /* Debug */ = {
			isa = XCBuildConfiguration;
			buildSettings = {
				ALWAYS_SEARCH_USER_PATHS = NO;
				ASSETCATALOG_COMPILER_GENERATE_SWIFT_ASSET_SYMBOL_EXTENSIONS = YES;
				CLANG_ANALYZER_NONNULL = YES;
				CLANG_ANALYZER_NUMBER_OBJECT_CONVERSION = YES_AGGRESSIVE;
				CLANG_CXX_LANGUAGE_STANDARD = "gnu++20";
				CLANG_ENABLE_MODULES = YES;
				CLANG_ENABLE_OBJC_ARC = YES;
				CLANG_ENABLE_OBJC_WEAK = YES;
				CLANG_WARN_BLOCK_CAPTURE_AUTORELEASING = YES;
				CLANG_WARN_BOOL_CONVERSION = YES;
				CLANG_WARN_COMMA = YES;
				CLANG_WARN_CONSTANT_CONVERSION = YES;
				CLANG_WARN_DEPRECATED_OBJC_IMPLEMENTATIONS = YES;
				CLANG_WARN_DIRECT_OBJC_ISA_USAGE = YES_ERROR;
				CLANG_WARN_DOCUMENTATION_COMMENTS = YES;
				CLANG_WARN_EMPTY_BODY = YES;
				CLANG_WARN_ENUM_CONVERSION = YES;
				CLANG_WARN_INFINITE_RECURSION = YES;
				CLANG_WARN_INT_CONVERSION = YES;
				CLANG_WARN_NON_LITERAL_NULL_CONVERSION = YES;
				CLANG_WARN_OBJC_IMPLICIT_RETAIN_SELF = YES;
				CLANG_WARN_OBJC_LITERAL_CONVERSION = YES;
				CLANG_WARN_OBJC_ROOT_CLASS = YES_ERROR;
				CLANG_WARN_QUOTED_INCLUDE_IN_FRAMEWORK_HEADER = YES;
				CLANG_WARN_RANGE_LOOP_ANALYSIS = YES;
				CLANG_WARN_STRICT_PROTOTYPES = YES;
				CLANG_WARN_SUSPICIOUS_MOVE = YES;
				CLANG_WARN_UNGUARDED_AVAILABILITY = YES_AGGRESSIVE;
				CLANG_WARN_UNREACHABLE_CODE = YES;
				CLANG_WARN__DUPLICATE_METHOD_MATCH = YES;
				COPY_PHASE_STRIP = NO;
				DEBUG_INFORMATION_FORMAT = dwarf;
				ENABLE_STRICT_OBJC_MSGSEND = YES;
				ENABLE_TESTABILITY = YES;
				ENABLE_USER_SCRIPT_SANDBOXING = YES;
				GCC_C_LANGUAGE_STANDARD = gnu17;
				GCC_DYNAMIC_NO_PIC = NO;
				GCC_NO_COMMON_BLOCKS = YES;
				GCC_OPTIMIZATION_LEVEL = 0;
				GCC_PREPROCESSOR_DEFINITIONS = (
					"DEBUG=1",
					"$(inherited)",
				);
				GCC_WARN_64_TO_32_BIT_CONVERSION = YES;
				GCC_WARN_ABOUT_RETURN_TYPE = YES_ERROR;
				GCC_WARN_UNDECLARED_SELECTOR = YES;
				GCC_WARN_UNINITIALIZED_AUTOS = YES_AGGRESSIVE;
				GCC_WARN_UNUSED_FUNCTION = YES;
				GCC_WARN_UNUSED_VARIABLE = YES;
				IPHONEOS_DEPLOYMENT_TARGET = 17.5;
				LOCALIZATION_PREFERS_STRING_CATALOGS = YES;
				MTL_ENABLE_DEBUG_INFO = INCLUDE_SOURCE;
				MTL_FAST_MATH = YES;
				ONLY_ACTIVE_ARCH = YES;
				SDKROOT = iphoneos;
				SWIFT_ACTIVE_COMPILATION_CONDITIONS = "DEBUG $(inherited)";
				SWIFT_OPTIMIZATION_LEVEL = "-Onone";
			};
			name = Debug;
		};
		7BB030632C47952000399D83 /* Release */ = {
			isa = XCBuildConfiguration;
			buildSettings = {
				ALWAYS_SEARCH_USER_PATHS = NO;
				ASSETCATALOG_COMPILER_GENERATE_SWIFT_ASSET_SYMBOL_EXTENSIONS = YES;
				CLANG_ANALYZER_NONNULL = YES;
				CLANG_ANALYZER_NUMBER_OBJECT_CONVERSION = YES_AGGRESSIVE;
				CLANG_CXX_LANGUAGE_STANDARD = "gnu++20";
				CLANG_ENABLE_MODULES = YES;
				CLANG_ENABLE_OBJC_ARC = YES;
				CLANG_ENABLE_OBJC_WEAK = YES;
				CLANG_WARN_BLOCK_CAPTURE_AUTORELEASING = YES;
				CLANG_WARN_BOOL_CONVERSION = YES;
				CLANG_WARN_COMMA = YES;
				CLANG_WARN_CONSTANT_CONVERSION = YES;
				CLANG_WARN_DEPRECATED_OBJC_IMPLEMENTATIONS = YES;
				CLANG_WARN_DIRECT_OBJC_ISA_USAGE = YES_ERROR;
				CLANG_WARN_DOCUMENTATION_COMMENTS = YES;
				CLANG_WARN_EMPTY_BODY = YES;
				CLANG_WARN_ENUM_CONVERSION = YES;
				CLANG_WARN_INFINITE_RECURSION = YES;
				CLANG_WARN_INT_CONVERSION = YES;
				CLANG_WARN_NON_LITERAL_NULL_CONVERSION = YES;
				CLANG_WARN_OBJC_IMPLICIT_RETAIN_SELF = YES;
				CLANG_WARN_OBJC_LITERAL_CONVERSION = YES;
				CLANG_WARN_OBJC_ROOT_CLASS = YES_ERROR;
				CLANG_WARN_QUOTED_INCLUDE_IN_FRAMEWORK_HEADER = YES;
				CLANG_WARN_RANGE_LOOP_ANALYSIS = YES;
				CLANG_WARN_STRICT_PROTOTYPES = YES;
				CLANG_WARN_SUSPICIOUS_MOVE = YES;
				CLANG_WARN_UNGUARDED_AVAILABILITY = YES_AGGRESSIVE;
				CLANG_WARN_UNREACHABLE_CODE = YES;
				CLANG_WARN__DUPLICATE_METHOD_MATCH = YES;
				COPY_PHASE_STRIP = NO;
				DEBUG_INFORMATION_FORMAT = "dwarf-with-dsym";
				ENABLE_NS_ASSERTIONS = NO;
				ENABLE_STRICT_OBJC_MSGSEND = YES;
				ENABLE_USER_SCRIPT_SANDBOXING = YES;
				GCC_C_LANGUAGE_STANDARD = gnu17;
				GCC_NO_COMMON_BLOCKS = YES;
				GCC_WARN_64_TO_32_BIT_CONVERSION = YES;
				GCC_WARN_ABOUT_RETURN_TYPE = YES_ERROR;
				GCC_WARN_UNDECLARED_SELECTOR = YES;
				GCC_WARN_UNINITIALIZED_AUTOS = YES_AGGRESSIVE;
				GCC_WARN_UNUSED_FUNCTION = YES;
				GCC_WARN_UNUSED_VARIABLE = YES;
				IPHONEOS_DEPLOYMENT_TARGET = 17.5;
				LOCALIZATION_PREFERS_STRING_CATALOGS = YES;
				MTL_ENABLE_DEBUG_INFO = NO;
				MTL_FAST_MATH = YES;
				SDKROOT = iphoneos;
				SWIFT_COMPILATION_MODE = wholemodule;
				VALIDATE_PRODUCT = YES;
			};
			name = Release;
		};
		7BB030652C47952000399D83 /* Debug */ = {
			isa = XCBuildConfiguration;
			buildSettings = {
				ASSETCATALOG_COMPILER_APPICON_NAME = AppIcon;
				ASSETCATALOG_COMPILER_GLOBAL_ACCENT_COLOR_NAME = AccentColor;
				CODE_SIGN_ENTITLEMENTS = HealthKitToyProject/HealthKitToyProject.entitlements;
				CODE_SIGN_STYLE = Automatic;
				CURRENT_PROJECT_VERSION = 1;
				DEVELOPMENT_ASSET_PATHS = "\"HealthKitToyProject/Preview Content\"";
				DEVELOPMENT_TEAM = H25F4B7J4U;
				ENABLE_PREVIEWS = YES;
				GENERATE_INFOPLIST_FILE = YES;
				INFOPLIST_KEY_NSHealthShareUsageDescription = "앱이 걸음 수 데이터를 읽기 위해 HealthKit 접근 권한이 필요합니다.";
				INFOPLIST_KEY_NSHealthUpdateUsageDescription = "앱이 걸음 수 데이터를 읽기 위해 HealthKit 접근 권한이 필요합니다.";
				INFOPLIST_KEY_UIApplicationSceneManifest_Generation = YES;
				INFOPLIST_KEY_UIApplicationSupportsIndirectInputEvents = YES;
				INFOPLIST_KEY_UILaunchScreen_Generation = YES;
				INFOPLIST_KEY_UISupportedInterfaceOrientations_iPad = "UIInterfaceOrientationPortrait UIInterfaceOrientationPortraitUpsideDown UIInterfaceOrientationLandscapeLeft UIInterfaceOrientationLandscapeRight";
				INFOPLIST_KEY_UISupportedInterfaceOrientations_iPhone = "UIInterfaceOrientationPortrait UIInterfaceOrientationLandscapeLeft UIInterfaceOrientationLandscapeRight";
				LD_RUNPATH_SEARCH_PATHS = (
					"$(inherited)",
					"@executable_path/Frameworks",
				);
				MARKETING_VERSION = 1.0;
				PRODUCT_BUNDLE_IDENTIFIER = LittleTail.HealthKitToyProject;
				PRODUCT_NAME = "$(TARGET_NAME)";
				SWIFT_EMIT_LOC_STRINGS = YES;
				SWIFT_VERSION = 5.0;
				TARGETED_DEVICE_FAMILY = "1,2";
			};
			name = Debug;
		};
		7BB030662C47952000399D83 /* Release */ = {
			isa = XCBuildConfiguration;
			buildSettings = {
				ASSETCATALOG_COMPILER_APPICON_NAME = AppIcon;
				ASSETCATALOG_COMPILER_GLOBAL_ACCENT_COLOR_NAME = AccentColor;
				CODE_SIGN_ENTITLEMENTS = HealthKitToyProject/HealthKitToyProject.entitlements;
				CODE_SIGN_STYLE = Automatic;
				CURRENT_PROJECT_VERSION = 1;
				DEVELOPMENT_ASSET_PATHS = "\"HealthKitToyProject/Preview Content\"";
				DEVELOPMENT_TEAM = H25F4B7J4U;
				ENABLE_PREVIEWS = YES;
				GENERATE_INFOPLIST_FILE = YES;
				INFOPLIST_KEY_NSHealthShareUsageDescription = "앱이 걸음 수 데이터를 읽기 위해 HealthKit 접근 권한이 필요합니다.";
				INFOPLIST_KEY_NSHealthUpdateUsageDescription = "앱이 걸음 수 데이터를 읽기 위해 HealthKit 접근 권한이 필요합니다.";
				INFOPLIST_KEY_UIApplicationSceneManifest_Generation = YES;
				INFOPLIST_KEY_UIApplicationSupportsIndirectInputEvents = YES;
				INFOPLIST_KEY_UILaunchScreen_Generation = YES;
				INFOPLIST_KEY_UISupportedInterfaceOrientations_iPad = "UIInterfaceOrientationPortrait UIInterfaceOrientationPortraitUpsideDown UIInterfaceOrientationLandscapeLeft UIInterfaceOrientationLandscapeRight";
				INFOPLIST_KEY_UISupportedInterfaceOrientations_iPhone = "UIInterfaceOrientationPortrait UIInterfaceOrientationLandscapeLeft UIInterfaceOrientationLandscapeRight";
				LD_RUNPATH_SEARCH_PATHS = (
					"$(inherited)",
					"@executable_path/Frameworks",
				);
				MARKETING_VERSION = 1.0;
				PRODUCT_BUNDLE_IDENTIFIER = LittleTail.HealthKitToyProject;
				PRODUCT_NAME = "$(TARGET_NAME)";
				SWIFT_EMIT_LOC_STRINGS = YES;
				SWIFT_VERSION = 5.0;
				TARGETED_DEVICE_FAMILY = "1,2";
			};
			name = Release;
		};
/* End XCBuildConfiguration section */

/* Begin XCConfigurationList section */
		7BB030512C47951F00399D83 /* Build configuration list for PBXProject "HealthKitToyProject" */ = {
			isa = XCConfigurationList;
			buildConfigurations = (
				7BB030622C47952000399D83 /* Debug */,
				7BB030632C47952000399D83 /* Release */,
			);
			defaultConfigurationIsVisible = 0;
			defaultConfigurationName = Release;
		};
		7BB030642C47952000399D83 /* Build configuration list for PBXNativeTarget "HealthKitToyProject" */ = {
			isa = XCConfigurationList;
			buildConfigurations = (
				7BB030652C47952000399D83 /* Debug */,
				7BB030662C47952000399D83 /* Release */,
			);
			defaultConfigurationIsVisible = 0;
			defaultConfigurationName = Release;
		};
/* End XCConfigurationList section */
	};
	rootObject = 7BB0304E2C47951F00399D83 /* Project object */;
}
